
Microsoft Visual Studio Solution File, Format Version 12.00
Project("{FAE04EC0-301F-11D3-BF4B-00C04F79EFBC}") = "Mandarin", "src\Mandarin\Mandarin.csproj", "{8CC62BDF-5FCD-43C6-8188-32711797819D}"
EndProject
Project("{FAE04EC0-301F-11D3-BF4B-00C04F79EFBC}") = "Mandarin.Interfaces", "src\Mandarin.Interfaces\Mandarin.Interfaces.csproj", "{DC5D8A45-FDC0-4456-B167-CCCE4F9A3F2C}"
EndProject
Project("{FAE04EC0-301F-11D3-BF4B-00C04F79EFBC}") = "Mandarin.Services", "src\Mandarin.Services\Mandarin.Services.csproj", "{6283E8CA-D9F6-485B-8283-BF80786B35D0}"
EndProject
Project("{FAE04EC0-301F-11D3-BF4B-00C04F79EFBC}") = "Mandarin.ViewModels", "src\Mandarin.ViewModels\Mandarin.ViewModels.csproj", "{5487E7C1-8BC2-419F-A7E0-89629A376403}"
EndProject
Project("{2150E333-8FDC-42A3-9474-1A3956D46DE8}") = "Tests", "Tests", "{5E228764-3B22-4EB1-950E-718CD5D28FF8}"
EndProject
Project("{FAE04EC0-301F-11D3-BF4B-00C04F79EFBC}") = "Mandarin.Tests.Data", "tests\Mandarin.Tests.Data\Mandarin.Tests.Data.csproj", "{4739F825-79D2-4A65-81BF-4CDF333694CF}"
EndProject
Project("{FAE04EC0-301F-11D3-BF4B-00C04F79EFBC}") = "Mandarin.Tests", "tests\Mandarin.Tests\Mandarin.Tests.csproj", "{269208F2-749E-4E75-95D4-0CA5A8477462}"
EndProject
Project("{FAE04EC0-301F-11D3-BF4B-00C04F79EFBC}") = "Mandarin.Interfaces.Tests", "tests\Mandarin.Interfaces.Tests\Mandarin.Interfaces.Tests.csproj", "{7178F228-92AE-445B-98C3-8A632296BB29}"
EndProject
Project("{FAE04EC0-301F-11D3-BF4B-00C04F79EFBC}") = "Mandarin.Services.Tests", "tests\Mandarin.Services.Tests\Mandarin.Services.Tests.csproj", "{860D91F1-4DB3-417F-9985-BD968C1D6C6D}"
EndProject
Project("{FAE04EC0-301F-11D3-BF4B-00C04F79EFBC}") = "Mandarin.ViewModels.Tests", "tests\Mandarin.ViewModels.Tests\Mandarin.ViewModels.Tests.csproj", "{2DA98B6D-3373-4F17-B3A3-EBC8B7D0DF83}"
EndProject
Project("{FAE04EC0-301F-11D3-BF4B-00C04F79EFBC}") = "Mandarin.Database", "src\Mandarin.Database\Mandarin.Database.csproj", "{7EAA2457-E83B-4617-A8C1-892D55F7057C}"
EndProject
Project("{FAE04EC0-301F-11D3-BF4B-00C04F79EFBC}") = "Mandarin.Server", "src\Mandarin.Server\Mandarin.Server.csproj", "{EDB5E2FE-3C18-4990-A1E2-620573DB3A75}"
EndProject
Project("{FAE04EC0-301F-11D3-BF4B-00C04F79EFBC}") = "Mandarin.App", "src\Mandarin.App\Mandarin.App.csproj", "{6FD44E8B-6FE6-4F92-933E-3821614555B8}"
EndProject
Global
	GlobalSection(SolutionConfigurationPlatforms) = preSolution
		Debug|Any CPU = Debug|Any CPU
		Release|Any CPU = Release|Any CPU
	EndGlobalSection
	GlobalSection(ProjectConfigurationPlatforms) = postSolution
		{8CC62BDF-5FCD-43C6-8188-32711797819D}.Debug|Any CPU.ActiveCfg = Debug|Any CPU
		{8CC62BDF-5FCD-43C6-8188-32711797819D}.Debug|Any CPU.Build.0 = Debug|Any CPU
		{8CC62BDF-5FCD-43C6-8188-32711797819D}.Release|Any CPU.ActiveCfg = Release|Any CPU
		{8CC62BDF-5FCD-43C6-8188-32711797819D}.Release|Any CPU.Build.0 = Release|Any CPU
		{269208F2-749E-4E75-95D4-0CA5A8477462}.Debug|Any CPU.ActiveCfg = Debug|Any CPU
		{269208F2-749E-4E75-95D4-0CA5A8477462}.Debug|Any CPU.Build.0 = Debug|Any CPU
		{269208F2-749E-4E75-95D4-0CA5A8477462}.Release|Any CPU.ActiveCfg = Release|Any CPU
		{269208F2-749E-4E75-95D4-0CA5A8477462}.Release|Any CPU.Build.0 = Release|Any CPU
		{5487E7C1-8BC2-419F-A7E0-89629A376403}.Debug|Any CPU.ActiveCfg = Debug|Any CPU
		{5487E7C1-8BC2-419F-A7E0-89629A376403}.Debug|Any CPU.Build.0 = Debug|Any CPU
		{5487E7C1-8BC2-419F-A7E0-89629A376403}.Release|Any CPU.ActiveCfg = Release|Any CPU
		{5487E7C1-8BC2-419F-A7E0-89629A376403}.Release|Any CPU.Build.0 = Release|Any CPU
		{DC5D8A45-FDC0-4456-B167-CCCE4F9A3F2C}.Debug|Any CPU.ActiveCfg = Debug|Any CPU
		{DC5D8A45-FDC0-4456-B167-CCCE4F9A3F2C}.Debug|Any CPU.Build.0 = Debug|Any CPU
		{DC5D8A45-FDC0-4456-B167-CCCE4F9A3F2C}.Release|Any CPU.ActiveCfg = Release|Any CPU
		{DC5D8A45-FDC0-4456-B167-CCCE4F9A3F2C}.Release|Any CPU.Build.0 = Release|Any CPU
		{2DA98B6D-3373-4F17-B3A3-EBC8B7D0DF83}.Debug|Any CPU.ActiveCfg = Debug|Any CPU
		{2DA98B6D-3373-4F17-B3A3-EBC8B7D0DF83}.Debug|Any CPU.Build.0 = Debug|Any CPU
		{2DA98B6D-3373-4F17-B3A3-EBC8B7D0DF83}.Release|Any CPU.ActiveCfg = Release|Any CPU
		{2DA98B6D-3373-4F17-B3A3-EBC8B7D0DF83}.Release|Any CPU.Build.0 = Release|Any CPU
		{6283E8CA-D9F6-485B-8283-BF80786B35D0}.Debug|Any CPU.ActiveCfg = Debug|Any CPU
		{6283E8CA-D9F6-485B-8283-BF80786B35D0}.Debug|Any CPU.Build.0 = Debug|Any CPU
		{6283E8CA-D9F6-485B-8283-BF80786B35D0}.Release|Any CPU.ActiveCfg = Release|Any CPU
		{6283E8CA-D9F6-485B-8283-BF80786B35D0}.Release|Any CPU.Build.0 = Release|Any CPU
		{7178F228-92AE-445B-98C3-8A632296BB29}.Debug|Any CPU.ActiveCfg = Debug|Any CPU
		{7178F228-92AE-445B-98C3-8A632296BB29}.Debug|Any CPU.Build.0 = Debug|Any CPU
		{7178F228-92AE-445B-98C3-8A632296BB29}.Release|Any CPU.ActiveCfg = Release|Any CPU
		{7178F228-92AE-445B-98C3-8A632296BB29}.Release|Any CPU.Build.0 = Release|Any CPU
		{860D91F1-4DB3-417F-9985-BD968C1D6C6D}.Debug|Any CPU.ActiveCfg = Debug|Any CPU
		{860D91F1-4DB3-417F-9985-BD968C1D6C6D}.Debug|Any CPU.Build.0 = Debug|Any CPU
		{860D91F1-4DB3-417F-9985-BD968C1D6C6D}.Release|Any CPU.ActiveCfg = Release|Any CPU
		{860D91F1-4DB3-417F-9985-BD968C1D6C6D}.Release|Any CPU.Build.0 = Release|Any CPU
		{4739F825-79D2-4A65-81BF-4CDF333694CF}.Debug|Any CPU.ActiveCfg = Debug|Any CPU
		{4739F825-79D2-4A65-81BF-4CDF333694CF}.Debug|Any CPU.Build.0 = Debug|Any CPU
		{4739F825-79D2-4A65-81BF-4CDF333694CF}.Release|Any CPU.ActiveCfg = Release|Any CPU
		{4739F825-79D2-4A65-81BF-4CDF333694CF}.Release|Any CPU.Build.0 = Release|Any CPU
		{7EAA2457-E83B-4617-A8C1-892D55F7057C}.Debug|Any CPU.ActiveCfg = Debug|Any CPU
		{7EAA2457-E83B-4617-A8C1-892D55F7057C}.Debug|Any CPU.Build.0 = Debug|Any CPU
		{7EAA2457-E83B-4617-A8C1-892D55F7057C}.Release|Any CPU.ActiveCfg = Release|Any CPU
		{7EAA2457-E83B-4617-A8C1-892D55F7057C}.Release|Any CPU.Build.0 = Release|Any CPU
		{EDB5E2FE-3C18-4990-A1E2-620573DB3A75}.Debug|Any CPU.ActiveCfg = Debug|Any CPU
		{EDB5E2FE-3C18-4990-A1E2-620573DB3A75}.Debug|Any CPU.Build.0 = Debug|Any CPU
		{EDB5E2FE-3C18-4990-A1E2-620573DB3A75}.Release|Any CPU.ActiveCfg = Release|Any CPU
		{EDB5E2FE-3C18-4990-A1E2-620573DB3A75}.Release|Any CPU.Build.0 = Release|Any CPU
		{6FD44E8B-6FE6-4F92-933E-3821614555B8}.Debug|Any CPU.ActiveCfg = Debug|Any CPU
		{6FD44E8B-6FE6-4F92-933E-3821614555B8}.Debug|Any CPU.Build.0 = Debug|Any CPU
		{6FD44E8B-6FE6-4F92-933E-3821614555B8}.Release|Any CPU.ActiveCfg = Release|Any CPU
		{6FD44E8B-6FE6-4F92-933E-3821614555B8}.Release|Any CPU.Build.0 = Release|Any CPU
	EndGlobalSection
	GlobalSection(NestedProjects) = preSolution
		{269208F2-749E-4E75-95D4-0CA5A8477462} = {5E228764-3B22-4EB1-950E-718CD5D28FF8}
		{2DA98B6D-3373-4F17-B3A3-EBC8B7D0DF83} = {5E228764-3B22-4EB1-950E-718CD5D28FF8}
		{7178F228-92AE-445B-98C3-8A632296BB29} = {5E228764-3B22-4EB1-950E-718CD5D28FF8}
		{860D91F1-4DB3-417F-9985-BD968C1D6C6D} = {5E228764-3B22-4EB1-950E-718CD5D28FF8}
		{4739F825-79D2-4A65-81BF-4CDF333694CF} = {5E228764-3B22-4EB1-950E-718CD5D28FF8}
	EndGlobalSection
EndGlobal
